// !$*UTF8*$!
{
	archiveVersion = 1;
	classes = {
	};
	objectVersion = 46;
	objects = {

/* Begin PBXBuildFile section */
		00DD927C1EB4549400C7C0AC /* AppDelegate.swift in Sources */ = {isa = PBXBuildFile; fileRef = 00DD927B1EB4549400C7C0AC /* AppDelegate.swift */; };
		00DD927E1EB4549400C7C0AC /* ViewController.swift in Sources */ = {isa = PBXBuildFile; fileRef = 00DD927D1EB4549400C7C0AC /* ViewController.swift */; };
		00DD92811EB4549400C7C0AC /* Main.storyboard in Resources */ = {isa = PBXBuildFile; fileRef = 00DD927F1EB4549400C7C0AC /* Main.storyboard */; };
		00DD92831EB4549400C7C0AC /* Assets.xcassets in Resources */ = {isa = PBXBuildFile; fileRef = 00DD92821EB4549400C7C0AC /* Assets.xcassets */; };
		00DD92861EB4549400C7C0AC /* LaunchScreen.storyboard in Resources */ = {isa = PBXBuildFile; fileRef = 00DD92841EB4549400C7C0AC /* LaunchScreen.storyboard */; };
/* End PBXBuildFile section */

/* Begin PBXFileReference section */
		00DD92781EB4549400C7C0AC /* Polaris.app */ = {isa = PBXFileReference; explicitFileType = wrapper.application; includeInIndex = 0; path = Polaris.app; sourceTree = BUILT_PRODUCTS_DIR; };
		00DD927B1EB4549400C7C0AC /* AppDelegate.swift */ = {isa = PBXFileReference; lastKnownFileType = sourcecode.swift; path = AppDelegate.swift; sourceTree = "<group>"; };
		00DD927D1EB4549400C7C0AC /* ViewController.swift */ = {isa = PBXFileReference; lastKnownFileType = sourcecode.swift; path = ViewController.swift; sourceTree = "<group>"; };
		00DD92801EB4549400C7C0AC /* Base */ = {isa = PBXFileReference; lastKnownFileType = file.storyboard; name = Base; path = Base.lproj/Main.storyboard; sourceTree = "<group>"; };
		00DD92821EB4549400C7C0AC /* Assets.xcassets */ = {isa = PBXFileReference; lastKnownFileType = folder.assetcatalog; path = Assets.xcassets; sourceTree = "<group>"; };
		00DD92851EB4549400C7C0AC /* Base */ = {isa = PBXFileReference; lastKnownFileType = file.storyboard; name = Base; path = Base.lproj/LaunchScreen.storyboard; sourceTree = "<group>"; };
		00DD92871EB4549400C7C0AC /* Info.plist */ = {isa = PBXFileReference; lastKnownFileType = text.plist.xml; path = Info.plist; sourceTree = "<group>"; };
/* End PBXFileReference section */

/* Begin PBXFrameworksBuildPhase section */
		00DD92751EB4549400C7C0AC /* Frameworks */ = {
			isa = PBXFrameworksBuildPhase;
			buildActionMask = 2147483647;
			files = (
			);
			runOnlyForDeploymentPostprocessing = 0;
		};
/* End PBXFrameworksBuildPhase section */

/* Begin PBXGroup section */
		00DD926F1EB4549400C7C0AC = {
			isa = PBXGroup;
			children = (
				00DD927A1EB4549400C7C0AC /* Polaris */,
				00DD92791EB4549400C7C0AC /* Products */,
			);
			sourceTree = "<group>";
		};
		00DD92791EB4549400C7C0AC /* Products */ = {
			isa = PBXGroup;
			children = (
				00DD92781EB4549400C7C0AC /* Polaris.app */,
			);
			name = Products;
			sourceTree = "<group>";
		};
		00DD927A1EB4549400C7C0AC /* Polaris */ = {
			isa = PBXGroup;
			children = (
				00DD927B1EB4549400C7C0AC /* AppDelegate.swift */,
				00DD927D1EB4549400C7C0AC /* ViewController.swift */,
				00DD927F1EB4549400C7C0AC /* Main.storyboard */,
				00DD92821EB4549400C7C0AC /* Assets.xcassets */,
				00DD92841EB4549400C7C0AC /* LaunchScreen.storyboard */,
				00DD92871EB4549400C7C0AC /* Info.plist */,
			);
			path = Polaris;
			sourceTree = "<group>";
		};
/* End PBXGroup section */

/* Begin PBXNativeTarget section */
		00DD92771EB4549400C7C0AC /* Polaris */ = {
			isa = PBXNativeTarget;
			buildConfigurationList = 00DD928A1EB4549400C7C0AC /* Build configuration list for PBXNativeTarget "Polaris" */;
			buildPhases = (
				00DD92741EB4549400C7C0AC /* Sources */,
				00DD92751EB4549400C7C0AC /* Frameworks */,
				00DD92761EB4549400C7C0AC /* Resources */,
			);
			buildRules = (
			);
			dependencies = (
			);
			name = Polaris;
			productName = Polaris;
			productReference = 00DD92781EB4549400C7C0AC /* Polaris.app */;
			productType = "com.apple.product-type.application";
		};
/* End PBXNativeTarget section */

/* Begin PBXProject section */
		00DD92701EB4549400C7C0AC /* Project object */ = {
			isa = PBXProject;
			attributes = {
				LastSwiftUpdateCheck = 0830;
				LastUpgradeCheck = 0830;
				ORGANIZATIONNAME = "이시안";
				TargetAttributes = {
					00DD92771EB4549400C7C0AC = {
						CreatedOnToolsVersion = 8.3.1;
						DevelopmentTeam = TSN52PT9J2;
						ProvisioningStyle = Automatic;
					};
				};
			};
			buildConfigurationList = 00DD92731EB4549400C7C0AC /* Build configuration list for PBXProject "Polaris" */;
			compatibilityVersion = "Xcode 3.2";
			developmentRegion = English;
			hasScannedForEncodings = 0;
			knownRegions = (
				en,
				Base,
			);
			mainGroup = 00DD926F1EB4549400C7C0AC;
			productRefGroup = 00DD92791EB4549400C7C0AC /* Products */;
			projectDirPath = "";
			projectRoot = "";
			targets = (
				00DD92771EB4549400C7C0AC /* Polaris */,
			);
		};
/* End PBXProject section */

/* Begin PBXResourcesBuildPhase section */
		00DD92761EB4549400C7C0AC /* Resources */ = {
			isa = PBXResourcesBuildPhase;
			buildActionMask = 2147483647;
			files = (
				00DD92861EB4549400C7C0AC /* LaunchScreen.storyboard in Resources */,
				00DD92831EB4549400C7C0AC /* Assets.xcassets in Resources */,
				00DD92811EB4549400C7C0AC /* Main.storyboard in Resources */,
			);
			runOnlyForDeploymentPostprocessing = 0;
		};
/* End PBXResourcesBuildPhase section */

/* Begin PBXSourcesBuildPhase section */
		00DD92741EB4549400C7C0AC /* Sources */ = {
			isa = PBXSourcesBuildPhase;
			buildActionMask = 2147483647;
			files = (
				00DD927E1EB4549400C7C0AC /* ViewController.swift in Sources */,
				00DD927C1EB4549400C7C0AC /* AppDelegate.swift in Sources */,
			);
			runOnlyForDeploymentPostprocessing = 0;
		};
/* End PBXSourcesBuildPhase section */

/* Begin PBXVariantGroup section */
		00DD927F1EB4549400C7C0AC /* Main.storyboard */ = {
			isa = PBXVariantGroup;
			children = (
				00DD92801EB4549400C7C0AC /* Base */,
			);
			name = Main.storyboard;
			sourceTree = "<group>";
		};
		00DD92841EB4549400C7C0AC /* LaunchScreen.storyboard */ = {
			isa = PBXVariantGroup;
			children = (
				00DD92851EB4549400C7C0AC /* Base */,
			);
			name = LaunchScreen.storyboard;
			sourceTree = "<group>";
		};
/* End PBXVariantGroup section */

/* Begin XCBuildConfiguration section */
		00DD92881EB4549400C7C0AC /* Debug */ = {
			isa = XCBuildConfiguration;
			buildSettings = {
				ALWAYS_SEARCH_USER_PATHS = NO;
				CLANG_ANALYZER_NONNULL = YES;
				CLANG_ANALYZER_NUMBER_OBJECT_CONVERSION = YES_AGGRESSIVE;
				CLANG_CXX_LANGUAGE_STANDARD = "gnu++0x";
				CLANG_CXX_LIBRARY = "libc++";
				CLANG_ENABLE_MODULES = YES;
				CLANG_ENABLE_OBJC_ARC = YES;
				CLANG_WARN_BOOL_CONVERSION = YES;
				CLANG_WARN_CONSTANT_CONVERSION = YES;
				CLANG_WARN_DIRECT_OBJC_ISA_USAGE = YES_ERROR;
				CLANG_WARN_DOCUMENTATION_COMMENTS = YES;
				CLANG_WARN_EMPTY_BODY = YES;
				CLANG_WARN_ENUM_CONVERSION = YES;
				CLANG_WARN_INFINITE_RECURSION = YES;
				CLANG_WARN_INT_CONVERSION = YES;
				CLANG_WARN_OBJC_ROOT_CLASS = YES_ERROR;
				CLANG_WARN_SUSPICIOUS_MOVE = YES;
				CLANG_WARN_UNREACHABLE_CODE = YES;
				CLANG_WARN__DUPLICATE_METHOD_MATCH = YES;
				"CODE_SIGN_IDENTITY[sdk=iphoneos*]" = "iPhone Developer";
				COPY_PHASE_STRIP = NO;
				DEBUG_INFORMATION_FORMAT = dwarf;
				ENABLE_STRICT_OBJC_MSGSEND = YES;
				ENABLE_TESTABILITY = YES;
				GCC_C_LANGUAGE_STANDARD = gnu99;
				GCC_DYNAMIC_NO_PIC = NO;
				GCC_NO_COMMON_BLOCKS = YES;
				GCC_OPTIMIZATION_LEVEL = 0;
				GCC_PREPROCESSOR_DEFINITIONS = (
					"DEBUG=1",
					"$(inherited)",
				);
				GCC_WARN_64_TO_32_BIT_CONVERSION = YES;
				GCC_WARN_ABOUT_RETURN_TYPE = YES_ERROR;
				GCC_WARN_UNDECLARED_SELECTOR = YES;
				GCC_WARN_UNINITIALIZED_AUTOS = YES_AGGRESSIVE;
				GCC_WARN_UNUSED_FUNCTION = YES;
				GCC_WARN_UNUSED_VARIABLE = YES;
				IPHONEOS_DEPLOYMENT_TARGET = 10.3;
				MTL_ENABLE_DEBUG_INFO = YES;
				ONLY_ACTIVE_ARCH = YES;
				SDKROOT = iphoneos;
				SWIFT_ACTIVE_COMPILATION_CONDITIONS = DEBUG;
				SWIFT_OPTIMIZATION_LEVEL = "-Onone";
			};
			name = Debug;
		};
		00DD92891EB4549400C7C0AC /* Release */ = {
			isa = XCBuildConfiguration;
			buildSettings = {
				ALWAYS_SEARCH_USER_PATHS = NO;
				CLANG_ANALYZER_NONNULL = YES;
				CLANG_ANALYZER_NUMBER_OBJECT_CONVERSION = YES_AGGRESSIVE;
				CLANG_CXX_LANGUAGE_STANDARD = "gnu++0x";
				CLANG_CXX_LIBRARY = "libc++";
				CLANG_ENABLE_MODULES = YES;
				CLANG_ENABLE_OBJC_ARC = YES;
				CLANG_WARN_BOOL_CONVERSION = YES;
				CLANG_WARN_CONSTANT_CONVERSION = YES;
				CLANG_WARN_DIRECT_OBJC_ISA_USAGE = YES_ERROR;
				CLANG_WARN_DOCUMENTATION_COMMENTS = YES;
				CLANG_WARN_EMPTY_BODY = YES;
				CLANG_WARN_ENUM_CONVERSION = YES;
				CLANG_WARN_INFINITE_RECURSION = YES;
				CLANG_WARN_INT_CONVERSION = YES;
				CLANG_WARN_OBJC_ROOT_CLASS = YES_ERROR;
				CLANG_WARN_SUSPICIOUS_MOVE = YES;
				CLANG_WARN_UNREACHABLE_CODE = YES;
				CLANG_WARN__DUPLICATE_METHOD_MATCH = YES;
				"CODE_SIGN_IDENTITY[sdk=iphoneos*]" = "iPhone Developer";
				COPY_PHASE_STRIP = NO;
				DEBUG_INFORMATION_FORMAT = "dwarf-with-dsym";
				ENABLE_NS_ASSERTIONS = NO;
				ENABLE_STRICT_OBJC_MSGSEND = YES;
				GCC_C_LANGUAGE_STANDARD = gnu99;
				GCC_NO_COMMON_BLOCKS = YES;
				GCC_WARN_64_TO_32_BIT_CONVERSION = YES;
				GCC_WARN_ABOUT_RETURN_TYPE = YES_ERROR;
				GCC_WARN_UNDECLARED_SELECTOR = YES;
				GCC_WARN_UNINITIALIZED_AUTOS = YES_AGGRESSIVE;
				GCC_WARN_UNUSED_FUNCTION = YES;
				GCC_WARN_UNUSED_VARIABLE = YES;
				IPHONEOS_DEPLOYMENT_TARGET = 10.3;
				MTL_ENABLE_DEBUG_INFO = NO;
				SDKROOT = iphoneos;
				SWIFT_OPTIMIZATION_LEVEL = "-Owholemodule";
				VALIDATE_PRODUCT = YES;
			};
			name = Release;
		};
		00DD928B1EB4549400C7C0AC /* Debug */ = {
			isa = XCBuildConfiguration;
			buildSettings = {
				ASSETCATALOG_COMPILER_APPICON_NAME = AppIcon;
				DEVELOPMENT_TEAM = TSN52PT9J2;
				INFOPLIST_FILE = Polaris/Info.plist;
				LD_RUNPATH_SEARCH_PATHS = "$(inherited) @executable_path/Frameworks";
				PRODUCT_BUNDLE_IDENTIFIER = PolarisDevelopers.Polaris;
				PRODUCT_NAME = "$(TARGET_NAME)";
				SWIFT_VERSION = 3.0;
			};
			name = Debug;
		};
		00DD928C1EB4549400C7C0AC /* Release */ = {
			isa = XCBuildConfiguration;
			buildSettings = {
				ASSETCATALOG_COMPILER_APPICON_NAME = AppIcon;
				DEVELOPMENT_TEAM = TSN52PT9J2;
				INFOPLIST_FILE = Polaris/Info.plist;
				LD_RUNPATH_SEARCH_PATHS = "$(inherited) @executable_path/Frameworks";
				PRODUCT_BUNDLE_IDENTIFIER = PolarisDevelopers.Polaris;
				PRODUCT_NAME = "$(TARGET_NAME)";
				SWIFT_VERSION = 3.0;
			};
			name = Release;
		};
/* End XCBuildConfiguration section */

/* Begin XCConfigurationList section */
		00DD92731EB4549400C7C0AC /* Build configuration list for PBXProject "Polaris" */ = {
			isa = XCConfigurationList;
			buildConfigurations = (
				00DD92881EB4549400C7C0AC /* Debug */,
				00DD92891EB4549400C7C0AC /* Release */,
			);
			defaultConfigurationIsVisible = 0;
			defaultConfigurationName = Release;
		};
		00DD928A1EB4549400C7C0AC /* Build configuration list for PBXNativeTarget "Polaris" */ = {
			isa = XCConfigurationList;
			buildConfigurations = (
				00DD928B1EB4549400C7C0AC /* Debug */,
				00DD928C1EB4549400C7C0AC /* Release */,
			);
			defaultConfigurationIsVisible = 0;
		};
/* End XCConfigurationList section */
	};
	rootObject = 00DD92701EB4549400C7C0AC /* Project object */;
}
